
Microsoft Visual Studio Solution File, Format Version 12.00
# Visual Studio Version 17
VisualStudioVersion = 17.3.32922.545
MinimumVisualStudioVersion = 10.0.40219.1
Project("{FAE04EC0-301F-11D3-BF4B-00C04F79EFBC}") = "NetCoreConsole", "NetCoreConsole\NetCoreConsole.csproj", "{5C310A7C-1FCC-4DE1-923B-51C24C522F53}"
EndProject
Global
	GlobalSection(SolutionConfigurationPlatforms) = preSolution
		Debug|Any CPU = Debug|Any CPU
		Release|Any CPU = Release|Any CPU
	EndGlobalSection
	GlobalSection(ProjectConfigurationPlatforms) = postSolution
		{5C310A7C-1FCC-4DE1-923B-51C24C522F53}.Debug|Any CPU.ActiveCfg = Debug|Any CPU
		{5C310A7C-1FCC-4DE1-923B-51C24C522F53}.Debug|Any CPU.Build.0 = Debug|Any CPU
		{5C310A7C-1FCC-4DE1-923B-51C24C522F53}.Release|Any CPU.ActiveCfg = Release|Any CPU
		{5C310A7C-1FCC-4DE1-923B-51C24C522F53}.Release|Any CPU.Build.0 = Release|Any CPU
	EndGlobalSection
	GlobalSection(SolutionProperties) = preSolution
		HideSolutionNode = FALSE
	EndGlobalSection
	GlobalSection(ExtensibilityGlobals) = postSolution
		SolutionGuid = {3AA0B4B7-161F-47BC-AAF2-ACF4C7D873D3}
	EndGlobalSection
EndGlobal
